github.com/Adaptix-Framework/axc2/v2 v2.0.14 h1:ZJ4E9zlqhwC0eP1K+UShyEp4UCQ0KMCIC6wxISl0ap4=
github.com/Adaptix-Framework/axc2/v2 v2.0.14/go.mod h1:CHHEn2pgC6w+WqVK4j5ATNKrSas3Mw9XPTdsJAg5JWc=
github.com/Adaptix-Framework/axsafe v0.0.0-20260712144531-7ba271ad9303 h1:+76vAhnBfvYhARWoNy4S1d+wNY1sj472nq1YkNs+IoU=
github.com/Adaptix-Framework/axsafe v0.0.0-20260712144531-7ba271ad9303/go.mod h1:glgqENQSncT+na7JAtzM1uPUocB/lgoUgCz01jouWm0=
